
Microsoft Visual Studio Solution File, Format Version 12.00
# Visual Studio Version 17
VisualStudioVersion = 17.14.37027.9 d17.14
MinimumVisualStudioVersion = 10.0.40219.1
Project("{FAE04EC0-301F-11D3-BF4B-00C04F79EFBC}") = "EmployeeClient", "EmployeeClient\EmployeeClient.csproj", "{4F5F5B43-522F-4F0C-A281-6BD894A5DB4C}"
EndProject
Global
	GlobalSection(SolutionConfigurationPlatforms) = preSolution
		Debug|Any CPU = Debug|Any CPU
		Release|Any CPU = Release|Any CPU
	EndGlobalSection
	GlobalSection(ProjectConfigurationPlatforms) = postSolution
		{4F5F5B43-522F-4F0C-A281-6BD894A5DB4C}.Debug|Any CPU.ActiveCfg = Debug|Any CPU
		{4F5F5B43-522F-4F0C-A281-6BD894A5DB4C}.Debug|Any CPU.Build.0 = Debug|Any CPU
		{4F5F5B43-522F-4F0C-A281-6BD894A5DB4C}.Release|Any CPU.ActiveCfg = Release|Any CPU
		{4F5F5B43-522F-4F0C-A281-6BD894A5DB4C}.Release|Any CPU.Build.0 = Release|Any CPU
	EndGlobalSection
	GlobalSection(SolutionProperties) = preSolution
		HideSolutionNode = FALSE
	EndGlobalSection
	GlobalSection(ExtensibilityGlobals) = postSolution
		SolutionGuid = {DEC7DA1A-23D4-4517-BED7-8D402568E26C}
	EndGlobalSection
EndGlobal
