
Microsoft Visual Studio Solution File, Format Version 12.00
# Visual Studio Version 17
VisualStudioVersion = 17.14.37027.9 d17.14
MinimumVisualStudioVersion = 10.0.40219.1
Project("{FAE04EC0-301F-11D3-BF4B-00C04F79EFBC}") = "FirstApp", "FirstApp\FirstApp.csproj", "{77B07209-7080-4E77-B9C5-91F233F1AC7A}"
EndProject
Global
	GlobalSection(SolutionConfigurationPlatforms) = preSolution
		Debug|Any CPU = Debug|Any CPU
		Release|Any CPU = Release|Any CPU
	EndGlobalSection
	GlobalSection(ProjectConfigurationPlatforms) = postSolution
		{77B07209-7080-4E77-B9C5-91F233F1AC7A}.Debug|Any CPU.ActiveCfg = Debug|Any CPU
		{77B07209-7080-4E77-B9C5-91F233F1AC7A}.Debug|Any CPU.Build.0 = Debug|Any CPU
		{77B07209-7080-4E77-B9C5-91F233F1AC7A}.Release|Any CPU.ActiveCfg = Release|Any CPU
		{77B07209-7080-4E77-B9C5-91F233F1AC7A}.Release|Any CPU.Build.0 = Release|Any CPU
	EndGlobalSection
	GlobalSection(SolutionProperties) = preSolution
		HideSolutionNode = FALSE
	EndGlobalSection
	GlobalSection(ExtensibilityGlobals) = postSolution
		SolutionGuid = {241EB45F-0C3C-4849-B1C9-1C15AAF25981}
	EndGlobalSection
EndGlobal
