
Microsoft Visual Studio Solution File, Format Version 12.00
# Visual Studio Version 17
VisualStudioVersion = 17.14.37027.9 d17.14
MinimumVisualStudioVersion = 10.0.40219.1
Project("{FAE04EC0-301F-11D3-BF4B-00C04F79EFBC}") = "TryCatch", "TryCatch\TryCatch.csproj", "{EAA9A32D-1147-4640-8BE8-4C027E8645BF}"
EndProject
Global
	GlobalSection(SolutionConfigurationPlatforms) = preSolution
		Debug|Any CPU = Debug|Any CPU
		Release|Any CPU = Release|Any CPU
	EndGlobalSection
	GlobalSection(ProjectConfigurationPlatforms) = postSolution
		{EAA9A32D-1147-4640-8BE8-4C027E8645BF}.Debug|Any CPU.ActiveCfg = Debug|Any CPU
		{EAA9A32D-1147-4640-8BE8-4C027E8645BF}.Debug|Any CPU.Build.0 = Debug|Any CPU
		{EAA9A32D-1147-4640-8BE8-4C027E8645BF}.Release|Any CPU.ActiveCfg = Release|Any CPU
		{EAA9A32D-1147-4640-8BE8-4C027E8645BF}.Release|Any CPU.Build.0 = Release|Any CPU
	EndGlobalSection
	GlobalSection(SolutionProperties) = preSolution
		HideSolutionNode = FALSE
	EndGlobalSection
	GlobalSection(ExtensibilityGlobals) = postSolution
		SolutionGuid = {7A9CF107-BC42-4A29-94EE-7E48E9EC30DE}
	EndGlobalSection
EndGlobal
